# This file is automatically @generated by Cargo.
# It is not intended for manual editing.
version = 4

[[package]]
name = "mytilus"
version = "0.1.0"
dependencies = [
 "mytilus-aio",
 "mytilus-crypt",
 "mytilus-errno",
 "mytilus-fcntl",
 "mytilus-fs",
 "mytilus-internal",
 "mytilus-ipc",
 "mytilus-locale",
 "mytilus-malloc",
 "mytilus-math",
 "mytilus-mman",
 "mytilus-net",
 "mytilus-passwd",
 "mytilus-prng",
 "mytilus-process",
 "mytilus-regex",
 "mytilus-search",
 "mytilus-signal",
 "mytilus-startup",
 "mytilus-stdio",
 "mytilus-stdlib",
 "mytilus-string",
 "mytilus-sys",
 "mytilus-thread",
 "mytilus-time",
 "mytilus-unistd",
]

[[package]]
name = "mytilus-aio"
version = "0.1.0"
dependencies = [
 "mytilus-errno",
 "mytilus-internal",
 "mytilus-sys",
 "mytilus-thread",
]

[[package]]
name = "mytilus-crypt"
version = "0.1.0"
dependencies = [
 "mytilus-malloc",
 "mytilus-string",
 "mytilus-sys",
]

[[package]]
name = "mytilus-errno"
version = "0.1.0"
dependencies = [
 "mytilus-sys",
]

[[package]]
name = "mytilus-fcntl"
version = "0.1.0"
dependencies = [
 "mytilus-errno",
 "mytilus-sys",
]

[[package]]
name = "mytilus-fs"
version = "0.1.0"
dependencies = [
 "mytilus-errno",
 "mytilus-fcntl",
 "mytilus-internal",
 "mytilus-malloc",
 "mytilus-string",
 "mytilus-sys",
 "mytilus-unistd",
]

[[package]]
name = "mytilus-internal"
version = "0.1.0"
dependencies = [
 "mytilus-sys",
]

[[package]]
name = "mytilus-ipc"
version = "0.1.0"
dependencies = [
 "mytilus-errno",
 "mytilus-internal",
 "mytilus-malloc",
 "mytilus-sys",
]

[[package]]
name = "mytilus-ldso"
version = "0.1.0"
dependencies = [
 "mytilus-internal",
 "mytilus-mman",
 "mytilus-string",
 "mytilus-sys",
]

[[package]]
name = "mytilus-locale"
version = "0.1.0"
dependencies = [
 "mytilus-sys",
]

[[package]]
name = "mytilus-malloc"
version = "0.1.0"
dependencies = [
 "mytilus-internal",
 "mytilus-mman",
 "mytilus-sys",
]

[[package]]
name = "mytilus-math"
version = "0.1.0"

[[package]]
name = "mytilus-mman"
version = "0.1.0"
dependencies = [
 "mytilus-errno",
 "mytilus-sys",
]

[[package]]
name = "mytilus-net"
version = "0.1.0"
dependencies = [
 "mytilus-errno",
 "mytilus-fcntl",
 "mytilus-internal",
 "mytilus-malloc",
 "mytilus-string",
 "mytilus-sys",
 "mytilus-unistd",
]

[[package]]
name = "mytilus-passwd"
version = "0.1.0"
dependencies = [
 "mytilus-errno",
 "mytilus-fcntl",
 "mytilus-internal",
 "mytilus-malloc",
 "mytilus-string",
 "mytilus-sys",
 "mytilus-unistd",
]

[[package]]
name = "mytilus-prng"
version = "0.1.0"
dependencies = [
 "mytilus-sys",
]

[[package]]
name = "mytilus-process"
version = "0.1.0"
dependencies = [
 "mytilus-errno",
 "mytilus-sys",
]

[[package]]
name = "mytilus-regex"
version = "0.1.0"
dependencies = [
 "mytilus-malloc",
 "mytilus-string",
 "mytilus-sys",
]

[[package]]
name = "mytilus-search"
version = "0.1.0"
dependencies = [
 "mytilus-malloc",
 "mytilus-sys",
]

[[package]]
name = "mytilus-signal"
version = "0.1.0"
dependencies = [
 "mytilus-errno",
 "mytilus-sys",
]

[[package]]
name = "mytilus-startup"
version = "0.1.0"
dependencies = [
 "mytilus-sys",
]

[[package]]
name = "mytilus-stdio"
version = "0.1.0"
dependencies = [
 "mytilus-errno",
 "mytilus-fcntl",
 "mytilus-internal",
 "mytilus-malloc",
 "mytilus-string",
 "mytilus-sys",
 "mytilus-unistd",
]

[[package]]
name = "mytilus-stdlib"
version = "0.1.0"
dependencies = [
 "mytilus-sys",
]

[[package]]
name = "mytilus-string"
version = "0.1.0"
dependencies = [
 "mytilus-errno",
 "mytilus-locale",
 "mytilus-sys",
]

[[package]]
name = "mytilus-sys"
version = "0.1.0"

[[package]]
name = "mytilus-thread"
version = "0.1.0"
dependencies = [
 "mytilus-errno",
 "mytilus-internal",
 "mytilus-malloc",
 "mytilus-mman",
 "mytilus-sys",
]

[[package]]
name = "mytilus-time"
version = "0.1.0"
dependencies = [
 "mytilus-errno",
 "mytilus-sys",
]

[[package]]
name = "mytilus-unistd"
version = "0.1.0"
dependencies = [
 "mytilus-errno",
 "mytilus-sys",
 "mytilus-time",
]
